{
  "lockfileVersion": 1,
  "configVersion": 0,
  "workspaces": {
    "": {
      "name": "ticket-router-frontend",
      "dependencies": {
        "react": "^18.2.0",
        "react-dom": "^18.2.0",
      },
      "devDependencies": {
        "vite": "^5.0.0",
      },
    },
  },
  "packages": {
    "@esbuild/aix-ppc64": ["@esbuild/aix-ppc64@0.21.5", "", { "os": "aix", "cpu": "ppc64" }, "sha512-1SDgH6ZSPTlggy1yI6+Dbkiz8xzpHJEVAlF/AM1tHPLsf5STom9rwtjE4hKAF20FfXXNTFqEYXyJNWh1GiZedQ=="],

    "@esbuild/android-arm": ["@esbuild/android-arm@0.21.5", "", { "os": "android", "cpu": "arm" }, "sha512-vCPvzSjpPHEi1siZdlvAlsPxXl7WbOVUBBAowWug4rJHb68Ox8KualB+1ocNvT5fjv6wpkX6o/iEpbDrf68zcg=="],

    "@esbuild/android-arm64": ["@esbuild/android-arm64@0.21.5", "", { "os": "android", "cpu": "arm64" }, "sha512-c0uX9VAUBQ7dTDCjq+wdyGLowMdtR/GoC2U5IYk/7D1H1JYC0qseD7+11iMP2mRLN9RcCMRcjC4YMclCzGwS/A=="],

    "@esbuild/android-x64": ["@esbuild/android-x64@0.21.5", "", { "os": "android", "cpu": "x64" }, "sha512-D7aPRUUNHRBwHxzxRvp856rjUHRFW1SdQATKXH2hqA0kAZb1hKmi02OpYRacl0TxIGz/ZmXWlbZgjwWYaCakTA=="],

    "@esbuild/darwin-arm64": ["@esbuild/darwin-arm64@0.21.5", "", { "os": "darwin", "cpu": "arm64" }, "sha512-DwqXqZyuk5AiWWf3UfLiRDJ5EDd49zg6O9wclZ7kUMv2WRFr4HKjXp/5t8JZ11QbQfUS6/cRCKGwYhtNAY88kQ=="],

    "@esbuild/darwin-x64": ["@esbuild/darwin-x64@0.21.5", "", { "os": "darwin", "cpu": "x64" }, "sha512-se/JjF8NlmKVG4kNIuyWMV/22ZaerB+qaSi5MdrXtd6R08kvs2qCN4C09miupktDitvh8jRFflwGFBQcxZRjbw=="],

    "@esbuild/freebsd-arm64": ["@esbuild/freebsd-arm64@0.21.5", "", { "os": "freebsd", "cpu": "arm64" }, "sha512-5JcRxxRDUJLX8JXp/wcBCy3pENnCgBR9bN6JsY4OmhfUtIHe3ZW0mawA7+RDAcMLrMIZaf03NlQiX9DGyB8h4g=="],

    "@esbuild/freebsd-x64": ["@esbuild/freebsd-x64@0.21.5", "", { "os": "freebsd", "cpu": "x64" }, "sha512-J95kNBj1zkbMXtHVH29bBriQygMXqoVQOQYA+ISs0/2l3T9/kj42ow2mpqerRBxDJnmkUDCaQT/dfNXWX/ZZCQ=="],

    "@esbuild/linux-arm": ["@esbuild/linux-arm@0.21.5", "", { "os": "linux", "cpu": "arm" }, "sha512-bPb5AHZtbeNGjCKVZ9UGqGwo8EUu4cLq68E95A53KlxAPRmUyYv2D6F0uUI65XisGOL1hBP5mTronbgo+0bFcA=="],

    "@esbuild/linux-arm64": ["@esbuild/linux-arm64@0.21.5", "", { "os": "linux", "cpu": "arm64" }, "sha512-ibKvmyYzKsBeX8d8I7MH/TMfWDXBF3db4qM6sy+7re0YXya+K1cem3on9XgdT2EQGMu4hQyZhan7TeQ8XkGp4Q=="],

    "@esbuild/linux-ia32": ["@esbuild/linux-ia32@0.21.5", "", { "os": "linux", "cpu": "ia32" }, "sha512-YvjXDqLRqPDl2dvRODYmmhz4rPeVKYvppfGYKSNGdyZkA01046pLWyRKKI3ax8fbJoK5QbxblURkwK/MWY18Tg=="],

    "@esbuild/linux-loong64": ["@esbuild/linux-loong64@0.21.5", "", { "os": "linux", "cpu": "none" }, "sha512-uHf1BmMG8qEvzdrzAqg2SIG/02+4/DHB6a9Kbya0XDvwDEKCoC8ZRWI5JJvNdUjtciBGFQ5PuBlpEOXQj+JQSg=="],

    "@esbuild/linux-mips64el": ["@esbuild/linux-mips64el@0.21.5", "", { "os": "linux", "cpu": "none" }, "sha512-IajOmO+KJK23bj52dFSNCMsz1QP1DqM6cwLUv3W1QwyxkyIWecfafnI555fvSGqEKwjMXVLokcV5ygHW5b3Jbg=="],

    "@esbuild/linux-ppc64": ["@esbuild/linux-ppc64@0.21.5", "", { "os": "linux", "cpu": "ppc64" }, "sha512-1hHV/Z4OEfMwpLO8rp7CvlhBDnjsC3CttJXIhBi+5Aj5r+MBvy4egg7wCbe//hSsT+RvDAG7s81tAvpL2XAE4w=="],

    "@esbuild/linux-riscv64": ["@esbuild/linux-riscv64@0.21.5", "", { "os": "linux", "cpu": "none" }, "sha512-2HdXDMd9GMgTGrPWnJzP2ALSokE/0O5HhTUvWIbD3YdjME8JwvSCnNGBnTThKGEB91OZhzrJ4qIIxk/SBmyDDA=="],

    "@esbuild/linux-s390x": ["@esbuild/linux-s390x@0.21.5", "", { "os": "linux", "cpu": "s390x" }, "sha512-zus5sxzqBJD3eXxwvjN1yQkRepANgxE9lgOW2qLnmr8ikMTphkjgXu1HR01K4FJg8h1kEEDAqDcZQtbrRnB41A=="],

    "@esbuild/linux-x64": ["@esbuild/linux-x64@0.21.5", "", { "os": "linux", "cpu": "x64" }, "sha512-1rYdTpyv03iycF1+BhzrzQJCdOuAOtaqHTWJZCWvijKD2N5Xu0TtVC8/+1faWqcP9iBCWOmjmhoH94dH82BxPQ=="],

    "@esbuild/netbsd-x64": ["@esbuild/netbsd-x64@0.21.5", "", { "os": "none", "cpu": "x64" }, "sha512-Woi2MXzXjMULccIwMnLciyZH4nCIMpWQAs049KEeMvOcNADVxo0UBIQPfSmxB3CWKedngg7sWZdLvLczpe0tLg=="],

    "@esbuild/openbsd-x64": ["@esbuild/openbsd-x64@0.21.5", "", { "os": "openbsd", "cpu": "x64" }, "sha512-HLNNw99xsvx12lFBUwoT8EVCsSvRNDVxNpjZ7bPn947b8gJPzeHWyNVhFsaerc0n3TsbOINvRP2byTZ5LKezow=="],

    "@esbuild/sunos-x64": ["@esbuild/sunos-x64@0.21.5", "", { "os": "sunos", "cpu": "x64" }, "sha512-6+gjmFpfy0BHU5Tpptkuh8+uw3mnrvgs+dSPQXQOv3ekbordwnzTVEb4qnIvQcYXq6gzkyTnoZ9dZG+D4garKg=="],

    "@esbuild/win32-arm64": ["@esbuild/win32-arm64@0.21.5", "", { "os": "win32", "cpu": "arm64" }, "sha512-Z0gOTd75VvXqyq7nsl93zwahcTROgqvuAcYDUr+vOv8uHhNSKROyU961kgtCD1e95IqPKSQKH7tBTslnS3tA8A=="],

    "@esbuild/win32-ia32": ["@esbuild/win32-ia32@0.21.5", "", { "os": "win32", "cpu": "ia32" }, "sha512-SWXFF1CL2RVNMaVs+BBClwtfZSvDgtL//G/smwAc5oVK/UPu2Gu9tIaRgFmYFFKrmg3SyAjSrElf0TiJ1v8fYA=="],

    "@esbuild/win32-x64": ["@esbuild/win32-x64@0.21.5", "", { "os": "win32", "cpu": "x64" }, "sha512-tQd/1efJuzPC6rCFwEvLtci/xNFcTZknmXs98FYDfGE4wP9ClFV98nyKrzJKVPMhdDnjzLhdUyMX4PsQAPjwIw=="],

    "@rollup/rollup-android-arm-eabi": ["@rollup/rollup-android-arm-eabi@4.58.0", "", { "os": "android", "cpu": "arm" }, "sha512-mr0tmS/4FoVk1cnaeN244A/wjvGDNItZKR8hRhnmCzygyRXYtKF5jVDSIILR1U97CTzAYmbgIj/Dukg62ggG5w=="],

    "@rollup/rollup-android-arm64": ["@rollup/rollup-android-arm64@4.58.0", "", { "os": "android", "cpu": "arm64" }, "sha512-+s++dbp+/RTte62mQD9wLSbiMTV+xr/PeRJEc/sFZFSBRlHPNPVaf5FXlzAL77Mr8FtSfQqCN+I598M8U41ccQ=="],

    "@rollup/rollup-darwin-arm64": ["@rollup/rollup-darwin-arm64@4.58.0", "", { "os": "darwin", "cpu": "arm64" }, "sha512-MFWBwTcYs0jZbINQBXHfSrpSQJq3IUOakcKPzfeSznONop14Pxuqa0Kg19GD0rNBMPQI2tFtu3UzapZpH0Uc1Q=="],

    "@rollup/rollup-darwin-x64": ["@rollup/rollup-darwin-x64@4.58.0", "", { "os": "darwin", "cpu": "x64" }, "sha512-yiKJY7pj9c9JwzuKYLFaDZw5gma3fI9bkPEIyofvVfsPqjCWPglSHdpdwXpKGvDeYDms3Qal8qGMEHZ1M/4Udg=="],

    "@rollup/rollup-freebsd-arm64": ["@rollup/rollup-freebsd-arm64@4.58.0", "", { "os": "freebsd", "cpu": "arm64" }, "sha512-x97kCoBh5MOevpn/CNK9W1x8BEzO238541BGWBc315uOlN0AD/ifZ1msg+ZQB05Ux+VF6EcYqpiagfLJ8U3LvQ=="],

    "@rollup/rollup-freebsd-x64": ["@rollup/rollup-freebsd-x64@4.58.0", "", { "os": "freebsd", "cpu": "x64" }, "sha512-Aa8jPoZ6IQAG2eIrcXPpjRcMjROMFxCt1UYPZZtCxRV68WkuSigYtQ/7Zwrcr2IvtNJo7T2JfDXyMLxq5L4Jlg=="],

    "@rollup/rollup-linux-arm-gnueabihf": ["@rollup/rollup-linux-arm-gnueabihf@4.58.0", "", { "os": "linux", "cpu": "arm" }, "sha512-Ob8YgT5kD/lSIYW2Rcngs5kNB/44Q2RzBSPz9brf2WEtcGR7/f/E9HeHn1wYaAwKBni+bdXEwgHvUd0x12lQSA=="],

    "@rollup/rollup-linux-arm-musleabihf": ["@rollup/rollup-linux-arm-musleabihf@4.58.0", "", { "os": "linux", "cpu": "arm" }, "sha512-K+RI5oP1ceqoadvNt1FecL17Qtw/n9BgRSzxif3rTL2QlIu88ccvY+Y9nnHe/cmT5zbH9+bpiJuG1mGHRVwF4Q=="],

    "@rollup/rollup-linux-arm64-gnu": ["@rollup/rollup-linux-arm64-gnu@4.58.0", "", { "os": "linux", "cpu": "arm64" }, "sha512-T+17JAsCKUjmbopcKepJjHWHXSjeW7O5PL7lEFaeQmiVyw4kkc5/lyYKzrv6ElWRX/MrEWfPiJWqbTvfIvjM1Q=="],

    "@rollup/rollup-linux-arm64-musl": ["@rollup/rollup-linux-arm64-musl@4.58.0", "", { "os": "linux", "cpu": "arm64" }, "sha512-cCePktb9+6R9itIJdeCFF9txPU7pQeEHB5AbHu/MKsfH/k70ZtOeq1k4YAtBv9Z7mmKI5/wOLYjQ+B9QdxR6LA=="],

    "@rollup/rollup-linux-loong64-gnu": ["@rollup/rollup-linux-loong64-gnu@4.58.0", "", { "os": "linux", "cpu": "none" }, "sha512-iekUaLkfliAsDl4/xSdoCJ1gnnIXvoNz85C8U8+ZxknM5pBStfZjeXgB8lXobDQvvPRCN8FPmmuTtH+z95HTmg=="],

    "@rollup/rollup-linux-loong64-musl": ["@rollup/rollup-linux-loong64-musl@4.58.0", "", { "os": "linux", "cpu": "none" }, "sha512-68ofRgJNl/jYJbxFjCKE7IwhbfxOl1muPN4KbIqAIe32lm22KmU7E8OPvyy68HTNkI2iV/c8y2kSPSm2mW/Q9Q=="],

    "@rollup/rollup-linux-ppc64-gnu": ["@rollup/rollup-linux-ppc64-gnu@4.58.0", "", { "os": "linux", "cpu": "ppc64" }, "sha512-dpz8vT0i+JqUKuSNPCP5SYyIV2Lh0sNL1+FhM7eLC457d5B9/BC3kDPp5BBftMmTNsBarcPcoz5UGSsnCiw4XQ=="],

    "@rollup/rollup-linux-ppc64-musl": ["@rollup/rollup-linux-ppc64-musl@4.58.0", "", { "os": "linux", "cpu": "ppc64" }, "sha512-4gdkkf9UJ7tafnweBCR/mk4jf3Jfl0cKX9Np80t5i78kjIH0ZdezUv/JDI2VtruE5lunfACqftJ8dIMGN4oHew=="],

    "@rollup/rollup-linux-riscv64-gnu": ["@rollup/rollup-linux-riscv64-gnu@4.58.0", "", { "os": "linux", "cpu": "none" }, "sha512-YFS4vPnOkDTD/JriUeeZurFYoJhPf9GQQEF/v4lltp3mVcBmnsAdjEWhr2cjUCZzZNzxCG0HZOvJU44UGHSdzw=="],

    "@rollup/rollup-linux-riscv64-musl": ["@rollup/rollup-linux-riscv64-musl@4.58.0", "", { "os": "linux", "cpu": "none" }, "sha512-x2xgZlFne+QVNKV8b4wwaCS8pwq3y14zedZ5DqLzjdRITvreBk//4Knbcvm7+lWmms9V9qFp60MtUd0/t/PXPw=="],

    "@rollup/rollup-linux-s390x-gnu": ["@rollup/rollup-linux-s390x-gnu@4.58.0", "", { "os": "linux", "cpu": "s390x" }, "sha512-jIhrujyn4UnWF8S+DHSkAkDEO3hLX0cjzxJZPLF80xFyzyUIYgSMRcYQ3+uqEoyDD2beGq7Dj7edi8OnJcS/hg=="],

    "@rollup/rollup-linux-x64-gnu": ["@rollup/rollup-linux-x64-gnu@4.58.0", "", { "os": "linux", "cpu": "x64" }, "sha512-+410Srdoh78MKSJxTQ+hZ/Mx+ajd6RjjPwBPNd0R3J9FtL6ZA0GqiiyNjCO9In0IzZkCNrpGymSfn+kgyPQocg=="],

    "@rollup/rollup-linux-x64-musl": ["@rollup/rollup-linux-x64-musl@4.58.0", "", { "os": "linux", "cpu": "x64" }, "sha512-ZjMyby5SICi227y1MTR3VYBpFTdZs823Rs/hpakufleBoufoOIB6jtm9FEoxn/cgO7l6PM2rCEl5Kre5vX0QrQ=="],

    "@rollup/rollup-openbsd-x64": ["@rollup/rollup-openbsd-x64@4.58.0", "", { "os": "openbsd", "cpu": "x64" }, "sha512-ds4iwfYkSQ0k1nb8LTcyXw//ToHOnNTJtceySpL3fa7tc/AsE+UpUFphW126A6fKBGJD5dhRvg8zw1rvoGFxmw=="],

    "@rollup/rollup-openharmony-arm64": ["@rollup/rollup-openharmony-arm64@4.58.0", "", { "os": "none", "cpu": "arm64" }, "sha512-fd/zpJniln4ICdPkjWFhZYeY/bpnaN9pGa6ko+5WD38I0tTqk9lXMgXZg09MNdhpARngmxiCg0B0XUamNw/5BQ=="],

    "@rollup/rollup-win32-arm64-msvc": ["@rollup/rollup-win32-arm64-msvc@4.58.0", "", { "os": "win32", "cpu": "arm64" }, "sha512-YpG8dUOip7DCz3nr/JUfPbIUo+2d/dy++5bFzgi4ugOGBIox+qMbbqt/JoORwvI/C9Kn2tz6+Bieoqd5+B1CjA=="],

    "@rollup/rollup-win32-ia32-msvc": ["@rollup/rollup-win32-ia32-msvc@4.58.0", "", { "os": "win32", "cpu": "ia32" }, "sha512-b9DI8jpFQVh4hIXFr0/+N/TzLdpBIoPzjt0Rt4xJbW3mzguV3mduR9cNgiuFcuL/TeORejJhCWiAXe3E/6PxWA=="],

    "@rollup/rollup-win32-x64-gnu": ["@rollup/rollup-win32-x64-gnu@4.58.0", "", { "os": "win32", "cpu": "x64" }, "sha512-CSrVpmoRJFN06LL9xhkitkwUcTZtIotYAF5p6XOR2zW0Zz5mzb3IPpcoPhB02frzMHFNo1reQ9xSF5fFm3hUsQ=="],

    "@rollup/rollup-win32-x64-msvc": ["@rollup/rollup-win32-x64-msvc@4.58.0", "", { "os": "win32", "cpu": "x64" }, "sha512-QFsBgQNTnh5K0t/sBsjJLq24YVqEIVkGpfN2VHsnN90soZyhaiA9UUHufcctVNL4ypJY0wrwad0wslx2KJQ1/w=="],

    "@types/estree": ["@types/estree@1.0.8", "", {}, "sha512-dWHzHa2WqEXI/O1E9OjrocMTKJl2mSrEolh1Iomrv6U+JuNwaHXsXx9bLu5gG7BUWFIN0skIQJQ/L1rIex4X6w=="],

    "esbuild": ["esbuild@0.21.5", "", { "optionalDependencies": { "@esbuild/aix-ppc64": "0.21.5", "@esbuild/android-arm": "0.21.5", "@esbuild/android-arm64": "0.21.5", "@esbuild/android-x64": "0.21.5", "@esbuild/darwin-arm64": "0.21.5", "@esbuild/darwin-x64": "0.21.5", "@esbuild/freebsd-arm64": "0.21.5", "@esbuild/freebsd-x64": "0.21.5", "@esbuild/linux-arm": "0.21.5", "@esbuild/linux-arm64": "0.21.5", "@esbuild/linux-ia32": "0.21.5", "@esbuild/linux-loong64": "0.21.5", "@esbuild/linux-mips64el": "0.21.5", "@esbuild/linux-ppc64": "0.21.5", "@esbuild/linux-riscv64": "0.21.5", "@esbuild/linux-s390x": "0.21.5", "@esbuild/linux-x64": "0.21.5", "@esbuild/netbsd-x64": "0.21.5", "@esbuild/openbsd-x64": "0.21.5", "@esbuild/sunos-x64": "0.21.5", "@esbuild/win32-arm64": "0.21.5", "@esbuild/win32-ia32": "0.21.5", "@esbuild/win32-x64": "0.21.5" }, "bin": "bin/esbuild" }, "sha512-mg3OPMV4hXywwpoDxu3Qda5xCKQi+vCTZq8S9J/EpkhB2HzKXq4SNFZE3+NK93JYxc8VMSep+lOUSC/RVKaBqw=="],

    "fsevents": ["fsevents@2.3.3", "", { "os": "darwin" }, "sha512-5xoDfX+fL7faATnagmWPpbFtwh/R77WmMMqqHGS65C3vvB0YHrgF+B1YmZ3441tMj5n63k0212XNoJwzlhffQw=="],

    "js-tokens": ["js-tokens@4.0.0", "", {}, "sha512-RdJUflcE3cUzKiMqQgsCu06FPu9UdIJO0beYbPhHN4k6apgJtifcoCtT9bcxOpYBtpD2kCM6Sbzg4CausW/PKQ=="],

    "loose-envify": ["loose-envify@1.4.0", "", { "dependencies": { "js-tokens": "^3.0.0 || ^4.0.0" }, "bin": "cli.js" }, "sha512-lyuxPGr/Wfhrlem2CL/UcnUc1zcqKAImBDzukY7Y5F/yQiNdko6+fRLevlw1HgMySw7f611UIY408EtxRSoK3Q=="],

    "nanoid": ["nanoid@3.3.11", "", { "bin": "bin/nanoid.cjs" }, "sha512-N8SpfPUnUp1bK+PMYW8qSWdl9U+wwNWI4QKxOYDy9JAro3WMX7p2OeVRF9v+347pnakNevPmiHhNmZ2HbFA76w=="],

    "picocolors": ["picocolors@1.1.1", "", {}, "sha512-xceH2snhtb5M9liqDsmEw56le376mTZkEX/jEb/RxNFyegNul7eNslCXP9FDj/Lcu0X8KEyMceP2ntpaHrDEVA=="],

    "postcss": ["postcss@8.5.6", "", { "dependencies": { "nanoid": "^3.3.11", "picocolors": "^1.1.1", "source-map-js": "^1.2.1" } }, "sha512-3Ybi1tAuwAP9s0r1UQ2J4n5Y0G05bJkpUIO0/bI9MhwmD70S5aTWbXGBwxHrelT+XM1k6dM0pk+SwNkpTRN7Pg=="],

    "react": ["react@18.3.1", "", { "dependencies": { "loose-envify": "^1.1.0" } }, "sha512-wS+hAgJShR0KhEvPJArfuPVN1+Hz1t0Y6n5jLrGQbkb4urgPE/0Rve+1kMB1v/oWgHgm4WIcV+i7F2pTVj+2iQ=="],

    "react-dom": ["react-dom@18.3.1", "", { "dependencies": { "loose-envify": "^1.1.0", "scheduler": "^0.23.2" }, "peerDependencies": { "react": "^18.3.1" } }, "sha512-5m4nQKp+rZRb09LNH59GM4BxTh9251/ylbKIbpe7TpGxfJ+9kv6BLkLBXIjjspbgbnIBNqlI23tRnTWT0snUIw=="],

    "rollup": ["rollup@4.58.0", "", { "dependencies": { "@types/estree": "1.0.8" }, "optionalDependencies": { "@rollup/rollup-android-arm-eabi": "4.58.0", "@rollup/rollup-android-arm64": "4.58.0", "@rollup/rollup-darwin-arm64": "4.58.0", "@rollup/rollup-darwin-x64": "4.58.0", "@rollup/rollup-freebsd-arm64": "4.58.0", "@rollup/rollup-freebsd-x64": "4.58.0", "@rollup/rollup-linux-arm-gnueabihf": "4.58.0", "@rollup/rollup-linux-arm-musleabihf": "4.58.0", "@rollup/rollup-linux-arm64-gnu": "4.58.0", "@rollup/rollup-linux-arm64-musl": "4.58.0", "@rollup/rollup-linux-loong64-gnu": "4.58.0", "@rollup/rollup-linux-loong64-musl": "4.58.0", "@rollup/rollup-linux-ppc64-gnu": "4.58.0", "@rollup/rollup-linux-ppc64-musl": "4.58.0", "@rollup/rollup-linux-riscv64-gnu": "4.58.0", "@rollup/rollup-linux-riscv64-musl": "4.58.0", "@rollup/rollup-linux-s390x-gnu": "4.58.0", "@rollup/rollup-linux-x64-gnu": "4.58.0", "@rollup/rollup-linux-x64-musl": "4.58.0", "@rollup/rollup-openbsd-x64": "4.58.0", "@rollup/rollup-openharmony-arm64": "4.58.0", "@rollup/rollup-win32-arm64-msvc": "4.58.0", "@rollup/rollup-win32-ia32-msvc": "4.58.0", "@rollup/rollup-win32-x64-gnu": "4.58.0", "@rollup/rollup-win32-x64-msvc": "4.58.0", "fsevents": "~2.3.2" }, "bin": "dist/bin/rollup" }, "sha512-wbT0mBmWbIvvq8NeEYWWvevvxnOyhKChir47S66WCxw1SXqhw7ssIYejnQEVt7XYQpsj2y8F9PM+Cr3SNEa0gw=="],

    "scheduler": ["scheduler@0.23.2", "", { "dependencies": { "loose-envify": "^1.1.0" } }, "sha512-UOShsPwz7NrMUqhR6t0hWjFduvOzbtv7toDH1/hIrfRNIDBnnBWd0CwJTGvTpngVlmwGCdP9/Zl/tVrDqcuYzQ=="],

    "source-map-js": ["source-map-js@1.2.1", "", {}, "sha512-UXWMKhLOwVKb728IUtQPXxfYU+usdybtUrK/8uGE8CQMvrhOpwvzDBwj0QhSL7MQc7vIsISBG8VQ8+IDQxpfQA=="],

    "vite": ["vite@5.4.21", "", { "dependencies": { "esbuild": "^0.21.3", "postcss": "^8.4.43", "rollup": "^4.20.0" }, "optionalDependencies": { "fsevents": "~2.3.3" }, "peerDependencies": { "@types/node": "^18.0.0 || >=20.0.0", "less": "*", "lightningcss": "^1.21.0", "sass": "*", "sass-embedded": "*", "stylus": "*", "sugarss": "*", "terser": "^5.4.0" }, "optionalPeers": ["@types/node", "less", "lightningcss", "sass", "sass-embedded", "stylus", "sugarss", "terser"], "bin": "bin/vite.js" }, "sha512-o5a9xKjbtuhY6Bi5S3+HvbRERmouabWbyUcpXXUA1u+GNUKoROi9byOJ8M0nHbHYHkYICiMlqxkg1KkYmm25Sw=="],
  }
}
